
Microsoft Visual Studio Solution File, Format Version 12.00
# Visual Studio Version 17
VisualStudioVersion = 17.6.33801.468
MinimumVisualStudioVersion = 10.0.40219.1
Project("{FAE04EC0-301F-11D3-BF4B-00C04F79EFBC}") = "Bypass Metods", "Bypass Metods.csproj", "{214CC001-65A2-45F6-9455-C6DCDE1EB662}"
EndProject
Global
	GlobalSection(SolutionConfigurationPlatforms) = preSolution
		Debug|Any CPU = Debug|Any CPU
		Release|Any CPU = Release|Any CPU
	EndGlobalSection
	GlobalSection(ProjectConfigurationPlatforms) = postSolution
		{214CC001-65A2-45F6-9455-C6DCDE1EB662}.Debug|Any CPU.ActiveCfg = Debug|Any CPU
		{214CC001-65A2-45F6-9455-C6DCDE1EB662}.Debug|Any CPU.Build.0 = Debug|Any CPU
		{214CC001-65A2-45F6-9455-C6DCDE1EB662}.Release|Any CPU.ActiveCfg = Release|Any CPU
		{214CC001-65A2-45F6-9455-C6DCDE1EB662}.Release|Any CPU.Build.0 = Release|Any CPU
	EndGlobalSection
	GlobalSection(SolutionProperties) = preSolution
		HideSolutionNode = FALSE
	EndGlobalSection
	GlobalSection(ExtensibilityGlobals) = postSolution
		SolutionGuid = {7CEB6046-D8BC-459B-8CA0-3FC8E5346DBE}
	EndGlobalSection
EndGlobal
